
Microsoft Visual Studio Solution File, Format Version 12.00
# Visual Studio Version 17
VisualStudioVersion = 17.5.33424.131
MinimumVisualStudioVersion = 10.0.40219.1
Project("{9A19103F-16F7-4668-BE54-9A1E7A4F7556}") = "CrashCam", "CrashCam.csproj", "{0EC6F979-5604-446A-8BBA-E6C74DC6A8B9}"
EndProject
Project("{2150E333-8FDC-42A3-9474-1A3956D46DE8}") = "Solution Items", "Solution Items", "{A621424D-5DAB-48DA-8358-4477BB456BBB}"
EndProject
Global
	GlobalSection(SolutionConfigurationPlatforms) = preSolution
		Debug|Any CPU = Debug|Any CPU
		Release|Any CPU = Release|Any CPU
	EndGlobalSection
	GlobalSection(ProjectConfigurationPlatforms) = postSolution
		{0EC6F979-5604-446A-8BBA-E6C74DC6A8B9}.Debug|Any CPU.ActiveCfg = Debug|Any CPU
		{0EC6F979-5604-446A-8BBA-E6C74DC6A8B9}.Debug|Any CPU.Build.0 = Debug|Any CPU
		{0EC6F979-5604-446A-8BBA-E6C74DC6A8B9}.Release|Any CPU.ActiveCfg = Release|Any CPU
		{0EC6F979-5604-446A-8BBA-E6C74DC6A8B9}.Release|Any CPU.Build.0 = Release|Any CPU
	EndGlobalSection
	GlobalSection(SolutionProperties) = preSolution
		HideSolutionNode = FALSE
	EndGlobalSection
	GlobalSection(ExtensibilityGlobals) = postSolution
		SolutionGuid = {B2E1010B-08A5-45FD-875E-B724BD2DEDE1}
	EndGlobalSection
EndGlobal
